{
  "name": "rbpi-status",
  "version": "1.0.0",
  "lockfileVersion": 2,
  "requires": true,
  "packages": {
    "": {
      "name": "rbpi-status",
      "version": "1.0.0",
      "license": "ISC",
      "dependencies": {
        "check-network-status": "^1.2.3",
        "dotenv": "^16.0.2",
        "play-sound": "^1.1.5",
        "systeminformation": "^5.12.6"
      }
    },
    "node_modules/check-network-status": {
      "version": "1.2.3",
      "resolved": "https://registry.npmjs.org/check-network-status/-/check-network-status-1.2.3.tgz",
      "integrity": "sha512-WOoXH1sI5/vVOHEn+ojvIrkAKotYnt47uLnszc48ZNtoCXHk0eHnrbbuhepcu7ucXXn2zUxga0Qo3H816wa31Q==",
      "dependencies": {
        "debug": "^4.1.1"
      },
      "engines": {
        "node": ">=8"
      }
    },
    "node_modules/debug": {
      "version": "4.3.4",
      "resolved": "https://registry.npmjs.org/debug/-/debug-4.3.4.tgz",
      "integrity": "sha512-PRWFHuSU3eDtQJPvnNY7Jcket1j0t5OuOsFzPPzsekD52Zl8qUfFIPEiswXqIvHWGVHOgX+7G/vCNNhehwxfkQ==",
      "dependencies": {
        "ms": "2.1.2"
      },
      "engines": {
        "node": ">=6.0"
      },
      "peerDependenciesMeta": {
        "supports-color": {
          "optional": true
        }
      }
    },
    "node_modules/dotenv": {
      "version": "16.0.2",
      "resolved": "https://registry.npmjs.org/dotenv/-/dotenv-16.0.2.tgz",
      "integrity": "sha512-JvpYKUmzQhYoIFgK2MOnF3bciIZoItIIoryihy0rIA+H4Jy0FmgyKYAHCTN98P5ybGSJcIFbh6QKeJdtZd1qhA==",
      "engines": {
        "node": ">=12"
      }
    },
    "node_modules/find-exec": {
      "version": "1.0.2",
      "resolved": "https://registry.npmjs.org/find-exec/-/find-exec-1.0.2.tgz",
      "integrity": "sha512-/cs763F5i7Nm/aG+hjBv2nJB/Bl2w0tnuZd5bbfcV+WYapn8T4ez3B87H6MgvsmdheDkitj/rHi557wvE+XylQ=="
    },
    "node_modules/ms": {
      "version": "2.1.2",
      "resolved": "https://registry.npmjs.org/ms/-/ms-2.1.2.tgz",
      "integrity": "sha512-sGkPx+VjMtmA6MX27oA4FBFELFCZZ4S4XqeGOXCv68tT+jb3vk/RyaKWP0PTKyWtmLSM0b+adUTEvbs1PEaH2w=="
    },
    "node_modules/play-sound": {
      "version": "1.1.5",
      "resolved": "https://registry.npmjs.org/play-sound/-/play-sound-1.1.5.tgz",
      "integrity": "sha512-gbdF1iLNyL5r9Ne9YwARGMkrvfR4EL9G1ZLtFPLkI2tQt0kkHw5CHM5E6Gl/lDuuk/Uj/O5Q29Bi08jMK4egbA==",
      "dependencies": {
        "find-exec": "1.0.2"
      }
    },
    "node_modules/systeminformation": {
      "version": "5.12.6",
      "resolved": "https://registry.npmjs.org/systeminformation/-/systeminformation-5.12.6.tgz",
      "integrity": "sha512-FkCvT5BOuH1OE3+8lFM25oXIYJ0CM8kq4Wgvz2jyBTrsOIgha/6gdJXgbF4rv+g0j/5wJqQLDKan7kc/p7uIvw==",
      "os": [
        "darwin",
        "linux",
        "win32",
        "freebsd",
        "openbsd",
        "netbsd",
        "sunos",
        "android"
      ],
      "bin": {
        "systeminformation": "lib/cli.js"
      },
      "engines": {
        "node": ">=8.0.0"
      },
      "funding": {
        "type": "Buy me a coffee",
        "url": "https://www.buymeacoffee.com/systeminfo"
      }
    }
  },
  "dependencies": {
    "check-network-status": {
      "version": "1.2.3",
      "resolved": "https://registry.npmjs.org/check-network-status/-/check-network-status-1.2.3.tgz",
      "integrity": "sha512-WOoXH1sI5/vVOHEn+ojvIrkAKotYnt47uLnszc48ZNtoCXHk0eHnrbbuhepcu7ucXXn2zUxga0Qo3H816wa31Q==",
      "requires": {
        "debug": "^4.1.1"
      }
    },
    "debug": {
      "version": "4.3.4",
      "resolved": "https://registry.npmjs.org/debug/-/debug-4.3.4.tgz",
      "integrity": "sha512-PRWFHuSU3eDtQJPvnNY7Jcket1j0t5OuOsFzPPzsekD52Zl8qUfFIPEiswXqIvHWGVHOgX+7G/vCNNhehwxfkQ==",
      "requires": {
        "ms": "2.1.2"
      }
    },
    "dotenv": {
      "version": "16.0.2",
      "resolved": "https://registry.npmjs.org/dotenv/-/dotenv-16.0.2.tgz",
      "integrity": "sha512-JvpYKUmzQhYoIFgK2MOnF3bciIZoItIIoryihy0rIA+H4Jy0FmgyKYAHCTN98P5ybGSJcIFbh6QKeJdtZd1qhA=="
    },
    "find-exec": {
      "version": "1.0.2",
      "resolved": "https://registry.npmjs.org/find-exec/-/find-exec-1.0.2.tgz",
      "integrity": "sha512-/cs763F5i7Nm/aG+hjBv2nJB/Bl2w0tnuZd5bbfcV+WYapn8T4ez3B87H6MgvsmdheDkitj/rHi557wvE+XylQ=="
    },
    "ms": {
      "version": "2.1.2",
      "resolved": "https://registry.npmjs.org/ms/-/ms-2.1.2.tgz",
      "integrity": "sha512-sGkPx+VjMtmA6MX27oA4FBFELFCZZ4S4XqeGOXCv68tT+jb3vk/RyaKWP0PTKyWtmLSM0b+adUTEvbs1PEaH2w=="
    },
    "play-sound": {
      "version": "1.1.5",
      "resolved": "https://registry.npmjs.org/play-sound/-/play-sound-1.1.5.tgz",
      "integrity": "sha512-gbdF1iLNyL5r9Ne9YwARGMkrvfR4EL9G1ZLtFPLkI2tQt0kkHw5CHM5E6Gl/lDuuk/Uj/O5Q29Bi08jMK4egbA==",
      "requires": {
        "find-exec": "1.0.2"
      }
    },
    "systeminformation": {
      "version": "5.12.6",
      "resolved": "https://registry.npmjs.org/systeminformation/-/systeminformation-5.12.6.tgz",
      "integrity": "sha512-FkCvT5BOuH1OE3+8lFM25oXIYJ0CM8kq4Wgvz2jyBTrsOIgha/6gdJXgbF4rv+g0j/5wJqQLDKan7kc/p7uIvw=="
    }
  }
}
